# This file was autogenerated by Stack.
# You should not edit this file by hand.
# For more information, please see the documentation at:
#   https://docs.haskellstack.org/en/stable/lock_files

packages:
- completed:
    hackage: numhask-space-0.3.1@sha256:6a3c13d04b940fcf2e6823136a8041c4ad30f85edbd623ee42cadd5128c91b1c,1537
    pantry-tree:
      size: 675
      sha256: ee2899995f926d12a5a29da1673252735e6be51af18b26d97e563762023adaf1
  original:
    hackage: numhask-space-0.3.1
- completed:
    hackage: tdigest-0.2.1@sha256:7e95247641b6a831b11ebef2e277f3fff3503bf19b71ec8372ae17b7deff6020,3231
    pantry-tree:
      size: 1299
      sha256: 04a29843c7ffa4fe819fb4be2fd09d9171c6f61294014f45066fb3d74ad0effb
  original:
    hackage: tdigest-0.2.1
snapshots:
- completed:
    size: 491387
    url: https://raw.githubusercontent.com/commercialhaskell/stackage-snapshots/master/lts/15/6.yaml
    sha256: 8d81505a6de861e167a58534ab62330afb75bfa108735c7db1204f7ef2a39d79
  original: lts-15.6
